
Microsoft Visual Studio Solution File, Format Version 12.00
# Visual Studio Version 17
VisualStudioVersion = 17.0.32112.339
MinimumVisualStudioVersion = 10.0.40219.1
Project("{9A19103F-16F7-4668-BE54-9A1E7A4F7556}") = "TrendyInsurance.HealthInsuranceDecisionApp", "TrendyInsurance.HealthInsuranceDecisionApp\TrendyInsurance.HealthInsuranceDecisionApp.csproj", "{82161BF9-D46D-460A-9646-2FD3B710A2CD}"
EndProject
Global
	GlobalSection(SolutionConfigurationPlatforms) = preSolution
		Debug|Any CPU = Debug|Any CPU
		Release|Any CPU = Release|Any CPU
	EndGlobalSection
	GlobalSection(ProjectConfigurationPlatforms) = postSolution
		{82161BF9-D46D-460A-9646-2FD3B710A2CD}.Debug|Any CPU.ActiveCfg = Debug|Any CPU
		{82161BF9-D46D-460A-9646-2FD3B710A2CD}.Debug|Any CPU.Build.0 = Debug|Any CPU
		{82161BF9-D46D-460A-9646-2FD3B710A2CD}.Release|Any CPU.ActiveCfg = Release|Any CPU
		{82161BF9-D46D-460A-9646-2FD3B710A2CD}.Release|Any CPU.Build.0 = Release|Any CPU
	EndGlobalSection
	GlobalSection(SolutionProperties) = preSolution
		HideSolutionNode = FALSE
	EndGlobalSection
	GlobalSection(ExtensibilityGlobals) = postSolution
		SolutionGuid = {5D018513-24FC-43EA-932E-FE22D2DDAC2F}
	EndGlobalSection
EndGlobal
